
Microsoft Visual Studio Solution File, Format Version 12.00
# Visual Studio Version 17
VisualStudioVersion = 17.3.32825.248
MinimumVisualStudioVersion = 10.0.40219.1
Project("{FAE04EC0-301F-11D3-BF4B-00C04F79EFBC}") = "PN1", "PN1\PN1.csproj", "{7A0E7843-EB29-4BD5-9476-D9A2C32949B9}"
EndProject
Global
	GlobalSection(SolutionConfigurationPlatforms) = preSolution
		Debug|Any CPU = Debug|Any CPU
		Release|Any CPU = Release|Any CPU
	EndGlobalSection
	GlobalSection(ProjectConfigurationPlatforms) = postSolution
		{7A0E7843-EB29-4BD5-9476-D9A2C32949B9}.Debug|Any CPU.ActiveCfg = Debug|Any CPU
		{7A0E7843-EB29-4BD5-9476-D9A2C32949B9}.Debug|Any CPU.Build.0 = Debug|Any CPU
		{7A0E7843-EB29-4BD5-9476-D9A2C32949B9}.Release|Any CPU.ActiveCfg = Release|Any CPU
		{7A0E7843-EB29-4BD5-9476-D9A2C32949B9}.Release|Any CPU.Build.0 = Release|Any CPU
	EndGlobalSection
	GlobalSection(SolutionProperties) = preSolution
		HideSolutionNode = FALSE
	EndGlobalSection
	GlobalSection(ExtensibilityGlobals) = postSolution
		SolutionGuid = {C89A16B4-A145-4FC1-8343-FFCFDE9A9081}
	EndGlobalSection
EndGlobal
